{
  "version": 4,
  "terraform_version": "1.2.9",
  "serial": 11,
  "lineage": "a7f173aa-f4a4-749d-8df1-bd96b252fe37",
  "outputs": {
    "droplet_ip": {
      "value": "178.128.216.251",
      "type": "string"
    }
  },
  "resources": [
    {
      "mode": "data",
      "type": "digitalocean_droplet_snapshot",
      "name": "codeserver-snapshot",
      "provider": "provider[\"registry.terraform.io/digitalocean/digitalocean\"]",
      "instances": [
        {
          "schema_version": 0,
          "attributes": {
            "created_at": "2022-09-29T06:25:19Z",
            "droplet_id": "318768799",
            "id": "117849886",
            "min_disk_size": 25,
            "most_recent": true,
            "name": "codeserver",
            "name_regex": "codeserver",
            "region": "sgp1",
            "regions": [
              "sgp1"
            ],
            "size": 2.06
          },
          "sensitive_attributes": []
        }
      ]
    },
    {
      "mode": "data",
      "type": "digitalocean_ssh_key",
      "name": "mykey",
      "provider": "provider[\"registry.terraform.io/digitalocean/digitalocean\"]",
      "instances": [
        {
          "schema_version": 0,
          "attributes": {
            "fingerprint": "97:b7:08:80:51:7d:41:d1:45:3f:be:0e:8d:c4:15:a8",
            "id": 36294250,
            "name": "aipc",
            "public_key": "ssh-rsa AAAAB3NzaC1yc2EAAAADAQABAAABgQDm8dXCr4/GDQ3NZQ8kUb6oZy9FCUQteZAZM8pNWnZpooXNGdJf6yEJx+lEs4P0qeYAeagNaeV57ZQTLNfptDwglzpiSn84djYJrtEdwGy3v5z/TIfKJAAtOxfSnroaI2s5lPzVKG1BIf7WOFSQEwFvAa8Z4IPcuUy+oNdLqbAZM8fobJQfXcdoDOLuMuf1qPrwc8VO9GhRQQATzXYj53Jk0osH9O/AdoTmCiFDFK7HYWZtAO/DoIR/C6NuacdKU67BNvS/7qt9+L8Px/xiQwEvhn5KVQ8JdJq55Gn2XgF2WrMerRO77bWwyQ15FuNsojzxymxPXvT3fVWRaKiMup2Tx9vaQZdhSTCEbPKcTr8d33aZq5YPUdUw1XS2AMORXzzkdzBaSOddGccb3EIqdjUNdeySLQ2gBs01neZFcfKk07wzC0ZwFxXv5OLjxk7zWeRlI1EmfnDhD6fvSYW9ghRG/FW6ZbJMHxPnfAH4NmE+HlcD6El2r1Ejkhdw3dCXrX0= jiawei@jw-lim-7MD6R"
          },
          "sensitive_attributes": []
        }
      ]
    },
    {
      "mode": "managed",
      "type": "digitalocean_droplet",
      "name": "droplet",
      "provider": "provider[\"registry.terraform.io/digitalocean/digitalocean\"]",
      "instances": [
        {
          "schema_version": 1,
          "attributes": {
            "backups": false,
            "created_at": "2022-09-29T07:00:21Z",
            "disk": 50,
            "droplet_agent": null,
            "graceful_shutdown": false,
            "id": "318773971",
            "image": "117849886",
            "ipv4_address": "178.128.216.251",
            "ipv4_address_private": "10.104.0.4",
            "ipv6": false,
            "ipv6_address": "",
            "locked": false,
            "memory": 2048,
            "monitoring": false,
            "name": "droplet",
            "price_hourly": 0.01786,
            "price_monthly": 12,
            "private_networking": true,
            "region": "sgp1",
            "resize_disk": true,
            "size": "s-1vcpu-2gb",
            "ssh_keys": [
              "36294250"
            ],
            "status": "active",
            "tags": null,
            "timeouts": null,
            "urn": "do:droplet:318773971",
            "user_data": null,
            "vcpus": 1,
            "volume_ids": [],
            "vpc_uuid": "34ecbf2d-5d27-4e08-b887-6c0f5e237c3b"
          },
          "sensitive_attributes": [],
          "private": "eyJlMmJmYjczMC1lY2FhLTExZTYtOGY4OC0zNDM2M2JjN2M0YzAiOnsiY3JlYXRlIjozNjAwMDAwMDAwMDAwLCJkZWxldGUiOjYwMDAwMDAwMDAwLCJ1cGRhdGUiOjM2MDAwMDAwMDAwMDB9LCJzY2hlbWFfdmVyc2lvbiI6IjEifQ==",
          "dependencies": [
            "data.digitalocean_droplet_snapshot.codeserver-snapshot",
            "data.digitalocean_ssh_key.mykey"
          ]
        }
      ]
    },
    {
      "mode": "managed",
      "type": "local_file",
      "name": "nginx_conf",
      "provider": "provider[\"registry.terraform.io/hashicorp/local\"]",
      "instances": [
        {
          "schema_version": 0,
          "attributes": {
            "content": "all:\n  vars:\n    ansible_connection: ssh\n    ansible_user: root \n    ansible_ssh_private_key_file: default\n  hosts:\n    codeserver:\n      ansible_host: 178.128.216.251\n      codeserver_domain: codeserver-178.128.216.251.nip.io\n      codeserver_password: hello,world",
            "content_base64": null,
            "directory_permission": "0777",
            "file_permission": "644",
            "filename": "inventory.yaml",
            "id": "a40c0cd4b8fdf5de970404dc7a8e9d2398479057",
            "sensitive_content": null,
            "source": null
          },
          "sensitive_attributes": [
            [
              {
                "type": "get_attr",
                "value": "content"
              }
            ]
          ],
          "private": "bnVsbA==",
          "dependencies": [
            "data.digitalocean_droplet_snapshot.codeserver-snapshot",
            "data.digitalocean_ssh_key.mykey",
            "digitalocean_droplet.droplet"
          ]
        }
      ]
    }
  ]
}
